// !$*UTF8*$!
{
	archiveVersion = 1;
	classes = {
	};
	objectVersion = 56;
	objects = {

/* Begin PBXBuildFile section */
		E6EF32432CCCF8BD004D5AFB /* AppDelegate.swift in Sources */ = {isa = PBXBuildFile; fileRef = E6EF32422CCCF8BD004D5AFB /* AppDelegate.swift */; };
		E6EF32452CCCF8BD004D5AFB /* SceneDelegate.swift in Sources */ = {isa = PBXBuildFile; fileRef = E6EF32442CCCF8BD004D5AFB /* SceneDelegate.swift */; };
		E6EF32472CCCF8BD004D5AFB /* ViewController.swift in Sources */ = {isa = PBXBuildFile; fileRef = E6EF32462CCCF8BD004D5AFB /* ViewController.swift */; };
		E6EF324A2CCCF8BD004D5AFB /* Base in Resources */ = {isa = PBXBuildFile; fileRef = E6EF32492CCCF8BD004D5AFB /* Base */; };
		E6EF324C2CCCF8C3004D5AFB /* Assets.xcassets in Resources */ = {isa = PBXBuildFile; fileRef = E6EF324B2CCCF8C3004D5AFB /* Assets.xcassets */; };
		E6EF324F2CCCF8C3004D5AFB /* Base in Resources */ = {isa = PBXBuildFile; fileRef = E6EF324E2CCCF8C3004D5AFB /* Base */; };
		E6EF325A2CCCF8C5004D5AFB /* TodoListTests.swift in Sources */ = {isa = PBXBuildFile; fileRef = E6EF32592CCCF8C5004D5AFB /* TodoListTests.swift */; };
		E6EF32642CCCF8C5004D5AFB /* TodoListUITests.swift in Sources */ = {isa = PBXBuildFile; fileRef = E6EF32632CCCF8C5004D5AFB /* TodoListUITests.swift */; };
		E6EF32662CCCF8C5004D5AFB /* TodoListUITestsLaunchTests.swift in Sources */ = {isa = PBXBuildFile; fileRef = E6EF32652CCCF8C5004D5AFB /* TodoListUITestsLaunchTests.swift */; };
/* End PBXBuildFile section */

/* Begin PBXContainerItemProxy section */
		E6EF32562CCCF8C5004D5AFB /* PBXContainerItemProxy */ = {
			isa = PBXContainerItemProxy;
			containerPortal = E6EF32372CCCF8BD004D5AFB /* Project object */;
			proxyType = 1;
			remoteGlobalIDString = E6EF323E2CCCF8BD004D5AFB;
			remoteInfo = TodoList;
		};
		E6EF32602CCCF8C5004D5AFB /* PBXContainerItemProxy */ = {
			isa = PBXContainerItemProxy;
			containerPortal = E6EF32372CCCF8BD004D5AFB /* Project object */;
			proxyType = 1;
			remoteGlobalIDString = E6EF323E2CCCF8BD004D5AFB;
			remoteInfo = TodoList;
		};
/* End PBXContainerItemProxy section */

/* Begin PBXFileReference section */
		E6EF323F2CCCF8BD004D5AFB /* TodoList.app */ = {isa = PBXFileReference; explicitFileType = wrapper.application; includeInIndex = 0; path = TodoList.app; sourceTree = BUILT_PRODUCTS_DIR; };
		E6EF32422CCCF8BD004D5AFB /* AppDelegate.swift */ = {isa = PBXFileReference; lastKnownFileType = sourcecode.swift; path = AppDelegate.swift; sourceTree = "<group>"; };
		E6EF32442CCCF8BD004D5AFB /* SceneDelegate.swift */ = {isa = PBXFileReference; lastKnownFileType = sourcecode.swift; path = SceneDelegate.swift; sourceTree = "<group>"; };
		E6EF32462CCCF8BD004D5AFB /* ViewController.swift */ = {isa = PBXFileReference; lastKnownFileType = sourcecode.swift; path = ViewController.swift; sourceTree = "<group>"; };
		E6EF32492CCCF8BD004D5AFB /* Base */ = {isa = PBXFileReference; lastKnownFileType = file.storyboard; name = Base; path = Base.lproj/Main.storyboard; sourceTree = "<group>"; };
		E6EF324B2CCCF8C3004D5AFB /* Assets.xcassets */ = {isa = PBXFileReference; lastKnownFileType = folder.assetcatalog; path = Assets.xcassets; sourceTree = "<group>"; };
		E6EF324E2CCCF8C3004D5AFB /* Base */ = {isa = PBXFileReference; lastKnownFileType = file.storyboard; name = Base; path = Base.lproj/LaunchScreen.storyboard; sourceTree = "<group>"; };
		E6EF32502CCCF8C3004D5AFB /* Info.plist */ = {isa = PBXFileReference; lastKnownFileType = text.plist.xml; path = Info.plist; sourceTree = "<group>"; };
		E6EF32552CCCF8C5004D5AFB /* TodoListTests.xctest */ = {isa = PBXFileReference; explicitFileType = wrapper.cfbundle; includeInIndex = 0; path = TodoListTests.xctest; sourceTree = BUILT_PRODUCTS_DIR; };
		E6EF32592CCCF8C5004D5AFB /* TodoListTests.swift */ = {isa = PBXFileReference; lastKnownFileType = sourcecode.swift; path = TodoListTests.swift; sourceTree = "<group>"; };
		E6EF325F2CCCF8C5004D5AFB /* TodoListUITests.xctest */ = {isa = PBXFileReference; explicitFileType = wrapper.cfbundle; includeInIndex = 0; path = TodoListUITests.xctest; sourceTree = BUILT_PRODUCTS_DIR; };
		E6EF32632CCCF8C5004D5AFB /* TodoListUITests.swift */ = {isa = PBXFileReference; lastKnownFileType = sourcecode.swift; path = TodoListUITests.swift; sourceTree = "<group>"; };
		E6EF32652CCCF8C5004D5AFB /* TodoListUITestsLaunchTests.swift */ = {isa = PBXFileReference; lastKnownFileType = sourcecode.swift; path = TodoListUITestsLaunchTests.swift; sourceTree = "<group>"; };
/* End PBXFileReference section */

/* Begin PBXFrameworksBuildPhase section */
		E6EF323C2CCCF8BD004D5AFB /* Frameworks */ = {
			isa = PBXFrameworksBuildPhase;
			buildActionMask = 2147483647;
			files = (
			);
			runOnlyForDeploymentPostprocessing = 0;
		};
		E6EF32522CCCF8C5004D5AFB /* Frameworks */ = {
			isa = PBXFrameworksBuildPhase;
			buildActionMask = 2147483647;
			files = (
			);
			runOnlyForDeploymentPostprocessing = 0;
		};
		E6EF325C2CCCF8C5004D5AFB /* Frameworks */ = {
			isa = PBXFrameworksBuildPhase;
			buildActionMask = 2147483647;
			files = (
			);
			runOnlyForDeploymentPostprocessing = 0;
		};
/* End PBXFrameworksBuildPhase section */

/* Begin PBXGroup section */
		E6EF32362CCCF8BD004D5AFB = {
			isa = PBXGroup;
			children = (
				E6EF32412CCCF8BD004D5AFB /* TodoList */,
				E6EF32582CCCF8C5004D5AFB /* TodoListTests */,
				E6EF32622CCCF8C5004D5AFB /* TodoListUITests */,
				E6EF32402CCCF8BD004D5AFB /* Products */,
			);
			sourceTree = "<group>";
		};
		E6EF32402CCCF8BD004D5AFB /* Products */ = {
			isa = PBXGroup;
			children = (
				E6EF323F2CCCF8BD004D5AFB /* TodoList.app */,
				E6EF32552CCCF8C5004D5AFB /* TodoListTests.xctest */,
				E6EF325F2CCCF8C5004D5AFB /* TodoListUITests.xctest */,
			);
			name = Products;
			sourceTree = "<group>";
		};
		E6EF32412CCCF8BD004D5AFB /* TodoList */ = {
			isa = PBXGroup;
			children = (
				E6EF32422CCCF8BD004D5AFB /* AppDelegate.swift */,
				E6EF32442CCCF8BD004D5AFB /* SceneDelegate.swift */,
				E6EF32462CCCF8BD004D5AFB /* ViewController.swift */,
				E6EF32482CCCF8BD004D5AFB /* Main.storyboard */,
				E6EF324B2CCCF8C3004D5AFB /* Assets.xcassets */,
				E6EF324D2CCCF8C3004D5AFB /* LaunchScreen.storyboard */,
				E6EF32502CCCF8C3004D5AFB /* Info.plist */,
			);
			path = TodoList;
			sourceTree = "<group>";
		};
		E6EF32582CCCF8C5004D5AFB /* TodoListTests */ = {
			isa = PBXGroup;
			children = (
				E6EF32592CCCF8C5004D5AFB /* TodoListTests.swift */,
			);
			path = TodoListTests;
			sourceTree = "<group>";
		};
		E6EF32622CCCF8C5004D5AFB /* TodoListUITests */ = {
			isa = PBXGroup;
			children = (
				E6EF32632CCCF8C5004D5AFB /* TodoListUITests.swift */,
				E6EF32652CCCF8C5004D5AFB /* TodoListUITestsLaunchTests.swift */,
			);
			path = TodoListUITests;
			sourceTree = "<group>";
		};
/* End PBXGroup section */

/* Begin PBXNativeTarget section */
		E6EF323E2CCCF8BD004D5AFB /* TodoList */ = {
			isa = PBXNativeTarget;
			buildConfigurationList = E6EF32692CCCF8C6004D5AFB /* Build configuration list for PBXNativeTarget "TodoList" */;
			buildPhases = (
				E6EF323B2CCCF8BD004D5AFB /* Sources */,
				E6EF323C2CCCF8BD004D5AFB /* Frameworks */,
				E6EF323D2CCCF8BD004D5AFB /* Resources */,
			);
			buildRules = (
			);
			dependencies = (
			);
			name = TodoList;
			productName = TodoList;
			productReference = E6EF323F2CCCF8BD004D5AFB /* TodoList.app */;
			productType = "com.apple.product-type.application";
		};
		E6EF32542CCCF8C5004D5AFB /* TodoListTests */ = {
			isa = PBXNativeTarget;
			buildConfigurationList = E6EF326C2CCCF8C6004D5AFB /* Build configuration list for PBXNativeTarget "TodoListTests" */;
			buildPhases = (
				E6EF32512CCCF8C5004D5AFB /* Sources */,
				E6EF32522CCCF8C5004D5AFB /* Frameworks */,
				E6EF32532CCCF8C5004D5AFB /* Resources */,
			);
			buildRules = (
			);
			dependencies = (
				E6EF32572CCCF8C5004D5AFB /* PBXTargetDependency */,
			);
			name = TodoListTests;
			productName = TodoListTests;
			productReference = E6EF32552CCCF8C5004D5AFB /* TodoListTests.xctest */;
			productType = "com.apple.product-type.bundle.unit-test";
		};
		E6EF325E2CCCF8C5004D5AFB /* TodoListUITests */ = {
			isa = PBXNativeTarget;
			buildConfigurationList = E6EF326F2CCCF8C6004D5AFB /* Build configuration list for PBXNativeTarget "TodoListUITests" */;
			buildPhases = (
				E6EF325B2CCCF8C5004D5AFB /* Sources */,
				E6EF325C2CCCF8C5004D5AFB /* Frameworks */,
				E6EF325D2CCCF8C5004D5AFB /* Resources */,
			);
			buildRules = (
			);
			dependencies = (
				E6EF32612CCCF8C5004D5AFB /* PBXTargetDependency */,
			);
			name = TodoListUITests;
			productName = TodoListUITests;
			productReference = E6EF325F2CCCF8C5004D5AFB /* TodoListUITests.xctest */;
			productType = "com.apple.product-type.bundle.ui-testing";
		};
/* End PBXNativeTarget section */

/* Begin PBXProject section */
		E6EF32372CCCF8BD004D5AFB /* Project object */ = {
			isa = PBXProject;
			attributes = {
				BuildIndependentTargetsInParallel = 1;
				LastSwiftUpdateCheck = 1540;
				LastUpgradeCheck = 1540;
				TargetAttributes = {
					E6EF323E2CCCF8BD004D5AFB = {
						CreatedOnToolsVersion = 15.4;
					};
					E6EF32542CCCF8C5004D5AFB = {
						CreatedOnToolsVersion = 15.4;
						TestTargetID = E6EF323E2CCCF8BD004D5AFB;
					};
					E6EF325E2CCCF8C5004D5AFB = {
						CreatedOnToolsVersion = 15.4;
						TestTargetID = E6EF323E2CCCF8BD004D5AFB;
					};
				};
			};
			buildConfigurationList = E6EF323A2CCCF8BD004D5AFB /* Build configuration list for PBXProject "TodoList" */;
			compatibilityVersion = "Xcode 14.0";
			developmentRegion = en;
			hasScannedForEncodings = 0;
			knownRegions = (
				en,
				Base,
			);
			mainGroup = E6EF32362CCCF8BD004D5AFB;
			productRefGroup = E6EF32402CCCF8BD004D5AFB /* Products */;
			projectDirPath = "";
			projectRoot = "";
			targets = (
				E6EF323E2CCCF8BD004D5AFB /* TodoList */,
				E6EF32542CCCF8C5004D5AFB /* TodoListTests */,
				E6EF325E2CCCF8C5004D5AFB /* TodoListUITests */,
			);
		};
/* End PBXProject section */

/* Begin PBXResourcesBuildPhase section */
		E6EF323D2CCCF8BD004D5AFB /* Resources */ = {
			isa = PBXResourcesBuildPhase;
			buildActionMask = 2147483647;
			files = (
				E6EF324C2CCCF8C3004D5AFB /* Assets.xcassets in Resources */,
				E6EF324F2CCCF8C3004D5AFB /* Base in Resources */,
				E6EF324A2CCCF8BD004D5AFB /* Base in Resources */,
			);
			runOnlyForDeploymentPostprocessing = 0;
		};
		E6EF32532CCCF8C5004D5AFB /* Resources */ = {
			isa = PBXResourcesBuildPhase;
			buildActionMask = 2147483647;
			files = (
			);
			runOnlyForDeploymentPostprocessing = 0;
		};
		E6EF325D2CCCF8C5004D5AFB /* Resources */ = {
			isa = PBXResourcesBuildPhase;
			buildActionMask = 2147483647;
			files = (
			);
			runOnlyForDeploymentPostprocessing = 0;
		};
/* End PBXResourcesBuildPhase section */

/* Begin PBXSourcesBuildPhase section */
		E6EF323B2CCCF8BD004D5AFB /* Sources */ = {
			isa = PBXSourcesBuildPhase;
			buildActionMask = 2147483647;
			files = (
				E6EF32472CCCF8BD004D5AFB /* ViewController.swift in Sources */,
				E6EF32432CCCF8BD004D5AFB /* AppDelegate.swift in Sources */,
				E6EF32452CCCF8BD004D5AFB /* SceneDelegate.swift in Sources */,
			);
			runOnlyForDeploymentPostprocessing = 0;
		};
		E6EF32512CCCF8C5004D5AFB /* Sources */ = {
			isa = PBXSourcesBuildPhase;
			buildActionMask = 2147483647;
			files = (
				E6EF325A2CCCF8C5004D5AFB /* TodoListTests.swift in Sources */,
			);
			runOnlyForDeploymentPostprocessing = 0;
		};
		E6EF325B2CCCF8C5004D5AFB /* Sources */ = {
			isa = PBXSourcesBuildPhase;
			buildActionMask = 2147483647;
			files = (
				E6EF32662CCCF8C5004D5AFB /* TodoListUITestsLaunchTests.swift in Sources */,
				E6EF32642CCCF8C5004D5AFB /* TodoListUITests.swift in Sources */,
			);
			runOnlyForDeploymentPostprocessing = 0;
		};
/* End PBXSourcesBuildPhase section */

/* Begin PBXTargetDependency section */
		E6EF32572CCCF8C5004D5AFB /* PBXTargetDependency */ = {
			isa = PBXTargetDependency;
			target = E6EF323E2CCCF8BD004D5AFB /* TodoList */;
			targetProxy = E6EF32562CCCF8C5004D5AFB /* PBXContainerItemProxy */;
		};
		E6EF32612CCCF8C5004D5AFB /* PBXTargetDependency */ = {
			isa = PBXTargetDependency;
			target = E6EF323E2CCCF8BD004D5AFB /* TodoList */;
			targetProxy = E6EF32602CCCF8C5004D5AFB /* PBXContainerItemProxy */;
		};
/* End PBXTargetDependency section */

/* Begin PBXVariantGroup section */
		E6EF32482CCCF8BD004D5AFB /* Main.storyboard */ = {
			isa = PBXVariantGroup;
			children = (
				E6EF32492CCCF8BD004D5AFB /* Base */,
			);
			name = Main.storyboard;
			sourceTree = "<group>";
		};
		E6EF324D2CCCF8C3004D5AFB /* LaunchScreen.storyboard */ = {
			isa = PBXVariantGroup;
			children = (
				E6EF324E2CCCF8C3004D5AFB /* Base */,
			);
			name = LaunchScreen.storyboard;
			sourceTree = "<group>";
		};
/* End PBXVariantGroup section */

/* Begin XCBuildConfiguration section */
		E6EF32672CCCF8C5004D5AFB /* Debug */ = {
			isa = XCBuildConfiguration;
			buildSettings = {
				ALWAYS_SEARCH_USER_PATHS = NO;
				ASSETCATALOG_COMPILER_GENERATE_SWIFT_ASSET_SYMBOL_EXTENSIONS = YES;
				CLANG_ANALYZER_NONNULL = YES;
				CLANG_ANALYZER_NUMBER_OBJECT_CONVERSION = YES_AGGRESSIVE;
				CLANG_CXX_LANGUAGE_STANDARD = "gnu++20";
				CLANG_ENABLE_MODULES = YES;
				CLANG_ENABLE_OBJC_ARC = YES;
				CLANG_ENABLE_OBJC_WEAK = YES;
				CLANG_WARN_BLOCK_CAPTURE_AUTORELEASING = YES;
				CLANG_WARN_BOOL_CONVERSION = YES;
				CLANG_WARN_COMMA = YES;
				CLANG_WARN_CONSTANT_CONVERSION = YES;
				CLANG_WARN_DEPRECATED_OBJC_IMPLEMENTATIONS = YES;
				CLANG_WARN_DIRECT_OBJC_ISA_USAGE = YES_ERROR;
				CLANG_WARN_DOCUMENTATION_COMMENTS = YES;
				CLANG_WARN_EMPTY_BODY = YES;
				CLANG_WARN_ENUM_CONVERSION = YES;
				CLANG_WARN_INFINITE_RECURSION = YES;
				CLANG_WARN_INT_CONVERSION = YES;
				CLANG_WARN_NON_LITERAL_NULL_CONVERSION = YES;
				CLANG_WARN_OBJC_IMPLICIT_RETAIN_SELF = YES;
				CLANG_WARN_OBJC_LITERAL_CONVERSION = YES;
				CLANG_WARN_OBJC_ROOT_CLASS = YES_ERROR;
				CLANG_WARN_QUOTED_INCLUDE_IN_FRAMEWORK_HEADER = YES;
				CLANG_WARN_RANGE_LOOP_ANALYSIS = YES;
				CLANG_WARN_STRICT_PROTOTYPES = YES;
				CLANG_WARN_SUSPICIOUS_MOVE = YES;
				CLANG_WARN_UNGUARDED_AVAILABILITY = YES_AGGRESSIVE;
				CLANG_WARN_UNREACHABLE_CODE = YES;
				CLANG_WARN__DUPLICATE_METHOD_MATCH = YES;
				COPY_PHASE_STRIP = NO;
				DEBUG_INFORMATION_FORMAT = dwarf;
				ENABLE_STRICT_OBJC_MSGSEND = YES;
				ENABLE_TESTABILITY = YES;
				ENABLE_USER_SCRIPT_SANDBOXING = YES;
				GCC_C_LANGUAGE_STANDARD = gnu17;
				GCC_DYNAMIC_NO_PIC = NO;
				GCC_NO_COMMON_BLOCKS = YES;
				GCC_OPTIMIZATION_LEVEL = 0;
				GCC_PREPROCESSOR_DEFINITIONS = (
					"DEBUG=1",
					"$(inherited)",
				);
				GCC_WARN_64_TO_32_BIT_CONVERSION = YES;
				GCC_WARN_ABOUT_RETURN_TYPE = YES_ERROR;
				GCC_WARN_UNDECLARED_SELECTOR = YES;
				GCC_WARN_UNINITIALIZED_AUTOS = YES_AGGRESSIVE;
				GCC_WARN_UNUSED_FUNCTION = YES;
				GCC_WARN_UNUSED_VARIABLE = YES;
				IPHONEOS_DEPLOYMENT_TARGET = 17.5;
				LOCALIZATION_PREFERS_STRING_CATALOGS = YES;
				MTL_ENABLE_DEBUG_INFO = INCLUDE_SOURCE;
				MTL_FAST_MATH = YES;
				ONLY_ACTIVE_ARCH = YES;
				SDKROOT = iphoneos;
				SWIFT_ACTIVE_COMPILATION_CONDITIONS = "DEBUG $(inherited)";
				SWIFT_OPTIMIZATION_LEVEL = "-Onone";
			};
			name = Debug;
		};
		E6EF32682CCCF8C5004D5AFB /* Release */ = {
			isa = XCBuildConfiguration;
			buildSettings = {
				ALWAYS_SEARCH_USER_PATHS = NO;
				ASSETCATALOG_COMPILER_GENERATE_SWIFT_ASSET_SYMBOL_EXTENSIONS = YES;
				CLANG_ANALYZER_NONNULL = YES;
				CLANG_ANALYZER_NUMBER_OBJECT_CONVERSION = YES_AGGRESSIVE;
				CLANG_CXX_LANGUAGE_STANDARD = "gnu++20";
				CLANG_ENABLE_MODULES = YES;
				CLANG_ENABLE_OBJC_ARC = YES;
				CLANG_ENABLE_OBJC_WEAK = YES;
				CLANG_WARN_BLOCK_CAPTURE_AUTORELEASING = YES;
				CLANG_WARN_BOOL_CONVERSION = YES;
				CLANG_WARN_COMMA = YES;
				CLANG_WARN_CONSTANT_CONVERSION = YES;
				CLANG_WARN_DEPRECATED_OBJC_IMPLEMENTATIONS = YES;
				CLANG_WARN_DIRECT_OBJC_ISA_USAGE = YES_ERROR;
				CLANG_WARN_DOCUMENTATION_COMMENTS = YES;
				CLANG_WARN_EMPTY_BODY = YES;
				CLANG_WARN_ENUM_CONVERSION = YES;
				CLANG_WARN_INFINITE_RECURSION = YES;
				CLANG_WARN_INT_CONVERSION = YES;
				CLANG_WARN_NON_LITERAL_NULL_CONVERSION = YES;
				CLANG_WARN_OBJC_IMPLICIT_RETAIN_SELF = YES;
				CLANG_WARN_OBJC_LITERAL_CONVERSION = YES;
				CLANG_WARN_OBJC_ROOT_CLASS = YES_ERROR;
				CLANG_WARN_QUOTED_INCLUDE_IN_FRAMEWORK_HEADER = YES;
				CLANG_WARN_RANGE_LOOP_ANALYSIS = YES;
				CLANG_WARN_STRICT_PROTOTYPES = YES;
				CLANG_WARN_SUSPICIOUS_MOVE = YES;
				CLANG_WARN_UNGUARDED_AVAILABILITY = YES_AGGRESSIVE;
				CLANG_WARN_UNREACHABLE_CODE = YES;
				CLANG_WARN__DUPLICATE_METHOD_MATCH = YES;
				COPY_PHASE_STRIP = NO;
				DEBUG_INFORMATION_FORMAT = "dwarf-with-dsym";
				ENABLE_NS_ASSERTIONS = NO;
				ENABLE_STRICT_OBJC_MSGSEND = YES;
				ENABLE_USER_SCRIPT_SANDBOXING = YES;
				GCC_C_LANGUAGE_STANDARD = gnu17;
				GCC_NO_COMMON_BLOCKS = YES;
				GCC_WARN_64_TO_32_BIT_CONVERSION = YES;
				GCC_WARN_ABOUT_RETURN_TYPE = YES_ERROR;
				GCC_WARN_UNDECLARED_SELECTOR = YES;
				GCC_WARN_UNINITIALIZED_AUTOS = YES_AGGRESSIVE;
				GCC_WARN_UNUSED_FUNCTION = YES;
				GCC_WARN_UNUSED_VARIABLE = YES;
				IPHONEOS_DEPLOYMENT_TARGET = 17.5;
				LOCALIZATION_PREFERS_STRING_CATALOGS = YES;
				MTL_ENABLE_DEBUG_INFO = NO;
				MTL_FAST_MATH = YES;
				SDKROOT = iphoneos;
				SWIFT_COMPILATION_MODE = wholemodule;
				VALIDATE_PRODUCT = YES;
			};
			name = Release;
		};
		E6EF326A2CCCF8C6004D5AFB /* Debug */ = {
			isa = XCBuildConfiguration;
			buildSettings = {
				ASSETCATALOG_COMPILER_APPICON_NAME = AppIcon;
				ASSETCATALOG_COMPILER_GLOBAL_ACCENT_COLOR_NAME = AccentColor;
				CODE_SIGN_STYLE = Automatic;
				CURRENT_PROJECT_VERSION = 1;
				GENERATE_INFOPLIST_FILE = YES;
				INFOPLIST_FILE = TodoList/Info.plist;
				INFOPLIST_KEY_UIApplicationSupportsIndirectInputEvents = YES;
				INFOPLIST_KEY_UILaunchStoryboardName = LaunchScreen;
				INFOPLIST_KEY_UIMainStoryboardFile = Main;
				INFOPLIST_KEY_UISupportedInterfaceOrientations_iPad = "UIInterfaceOrientationPortrait UIInterfaceOrientationPortraitUpsideDown UIInterfaceOrientationLandscapeLeft UIInterfaceOrientationLandscapeRight";
				INFOPLIST_KEY_UISupportedInterfaceOrientations_iPhone = "UIInterfaceOrientationPortrait UIInterfaceOrientationLandscapeLeft UIInterfaceOrientationLandscapeRight";
				LD_RUNPATH_SEARCH_PATHS = (
					"$(inherited)",
					"@executable_path/Frameworks",
				);
				MARKETING_VERSION = 1.0;
				PRODUCT_BUNDLE_IDENTIFIER = com.carrington.TodoList;
				PRODUCT_NAME = "$(TARGET_NAME)";
				SWIFT_EMIT_LOC_STRINGS = YES;
				SWIFT_VERSION = 5.0;
				TARGETED_DEVICE_FAMILY = "1,2";
			};
			name = Debug;
		};
		E6EF326B2CCCF8C6004D5AFB /* Release */ = {
			isa = XCBuildConfiguration;
			buildSettings = {
				ASSETCATALOG_COMPILER_APPICON_NAME = AppIcon;
				ASSETCATALOG_COMPILER_GLOBAL_ACCENT_COLOR_NAME = AccentColor;
				CODE_SIGN_STYLE = Automatic;
				CURRENT_PROJECT_VERSION = 1;
				GENERATE_INFOPLIST_FILE = YES;
				INFOPLIST_FILE = TodoList/Info.plist;
				INFOPLIST_KEY_UIApplicationSupportsIndirectInputEvents = YES;
				INFOPLIST_KEY_UILaunchStoryboardName = LaunchScreen;
				INFOPLIST_KEY_UIMainStoryboardFile = Main;
				INFOPLIST_KEY_UISupportedInterfaceOrientations_iPad = "UIInterfaceOrientationPortrait UIInterfaceOrientationPortraitUpsideDown UIInterfaceOrientationLandscapeLeft UIInterfaceOrientationLandscapeRight";
				INFOPLIST_KEY_UISupportedInterfaceOrientations_iPhone = "UIInterfaceOrientationPortrait UIInterfaceOrientationLandscapeLeft UIInterfaceOrientationLandscapeRight";
				LD_RUNPATH_SEARCH_PATHS = (
					"$(inherited)",
					"@executable_path/Frameworks",
				);
				MARKETING_VERSION = 1.0;
				PRODUCT_BUNDLE_IDENTIFIER = com.carrington.TodoList;
				PRODUCT_NAME = "$(TARGET_NAME)";
				SWIFT_EMIT_LOC_STRINGS = YES;
				SWIFT_VERSION = 5.0;
				TARGETED_DEVICE_FAMILY = "1,2";
			};
			name = Release;
		};
		E6EF326D2CCCF8C6004D5AFB /* Debug */ = {
			isa = XCBuildConfiguration;
			buildSettings = {
				ALWAYS_EMBED_SWIFT_STANDARD_LIBRARIES = YES;
				BUNDLE_LOADER = "$(TEST_HOST)";
				CODE_SIGN_STYLE = Automatic;
				CURRENT_PROJECT_VERSION = 1;
				GENERATE_INFOPLIST_FILE = YES;
				IPHONEOS_DEPLOYMENT_TARGET = 17.5;
				MARKETING_VERSION = 1.0;
				PRODUCT_BUNDLE_IDENTIFIER = com.carrington.TodoListTests;
				PRODUCT_NAME = "$(TARGET_NAME)";
				SWIFT_EMIT_LOC_STRINGS = NO;
				SWIFT_VERSION = 5.0;
				TARGETED_DEVICE_FAMILY = "1,2";
				TEST_HOST = "$(BUILT_PRODUCTS_DIR)/TodoList.app/$(BUNDLE_EXECUTABLE_FOLDER_PATH)/TodoList";
			};
			name = Debug;
		};
		E6EF326E2CCCF8C6004D5AFB /* Release */ = {
			isa = XCBuildConfiguration;
			buildSettings = {
				ALWAYS_EMBED_SWIFT_STANDARD_LIBRARIES = YES;
				BUNDLE_LOADER = "$(TEST_HOST)";
				CODE_SIGN_STYLE = Automatic;
				CURRENT_PROJECT_VERSION = 1;
				GENERATE_INFOPLIST_FILE = YES;
				IPHONEOS_DEPLOYMENT_TARGET = 17.5;
				MARKETING_VERSION = 1.0;
				PRODUCT_BUNDLE_IDENTIFIER = com.carrington.TodoListTests;
				PRODUCT_NAME = "$(TARGET_NAME)";
				SWIFT_EMIT_LOC_STRINGS = NO;
				SWIFT_VERSION = 5.0;
				TARGETED_DEVICE_FAMILY = "1,2";
				TEST_HOST = "$(BUILT_PRODUCTS_DIR)/TodoList.app/$(BUNDLE_EXECUTABLE_FOLDER_PATH)/TodoList";
			};
			name = Release;
		};
		E6EF32702CCCF8C6004D5AFB /* Debug */ = {
			isa = XCBuildConfiguration;
			buildSettings = {
				ALWAYS_EMBED_SWIFT_STANDARD_LIBRARIES = YES;
				CODE_SIGN_STYLE = Automatic;
				CURRENT_PROJECT_VERSION = 1;
				GENERATE_INFOPLIST_FILE = YES;
				MARKETING_VERSION = 1.0;
				PRODUCT_BUNDLE_IDENTIFIER = com.carrington.TodoListUITests;
				PRODUCT_NAME = "$(TARGET_NAME)";
				SWIFT_EMIT_LOC_STRINGS = NO;
				SWIFT_VERSION = 5.0;
				TARGETED_DEVICE_FAMILY = "1,2";
				TEST_TARGET_NAME = TodoList;
			};
			name = Debug;
		};
		E6EF32712CCCF8C6004D5AFB /* Release */ = {
			isa = XCBuildConfiguration;
			buildSettings = {
				ALWAYS_EMBED_SWIFT_STANDARD_LIBRARIES = YES;
				CODE_SIGN_STYLE = Automatic;
				CURRENT_PROJECT_VERSION = 1;
				GENERATE_INFOPLIST_FILE = YES;
				MARKETING_VERSION = 1.0;
				PRODUCT_BUNDLE_IDENTIFIER = com.carrington.TodoListUITests;
				PRODUCT_NAME = "$(TARGET_NAME)";
				SWIFT_EMIT_LOC_STRINGS = NO;
				SWIFT_VERSION = 5.0;
				TARGETED_DEVICE_FAMILY = "1,2";
				TEST_TARGET_NAME = TodoList;
			};
			name = Release;
		};
/* End XCBuildConfiguration section */

/* Begin XCConfigurationList section */
		E6EF323A2CCCF8BD004D5AFB /* Build configuration list for PBXProject "TodoList" */ = {
			isa = XCConfigurationList;
			buildConfigurations = (
				E6EF32672CCCF8C5004D5AFB /* Debug */,
				E6EF32682CCCF8C5004D5AFB /* Release */,
			);
			defaultConfigurationIsVisible = 0;
			defaultConfigurationName = Release;
		};
		E6EF32692CCCF8C6004D5AFB /* Build configuration list for PBXNativeTarget "TodoList" */ = {
			isa = XCConfigurationList;
			buildConfigurations = (
				E6EF326A2CCCF8C6004D5AFB /* Debug */,
				E6EF326B2CCCF8C6004D5AFB /* Release */,
			);
			defaultConfigurationIsVisible = 0;
			defaultConfigurationName = Release;
		};
		E6EF326C2CCCF8C6004D5AFB /* Build configuration list for PBXNativeTarget "TodoListTests" */ = {
			isa = XCConfigurationList;
			buildConfigurations = (
				E6EF326D2CCCF8C6004D5AFB /* Debug */,
				E6EF326E2CCCF8C6004D5AFB /* Release */,
			);
			defaultConfigurationIsVisible = 0;
			defaultConfigurationName = Release;
		};
		E6EF326F2CCCF8C6004D5AFB /* Build configuration list for PBXNativeTarget "TodoListUITests" */ = {
			isa = XCConfigurationList;
			buildConfigurations = (
				E6EF32702CCCF8C6004D5AFB /* Debug */,
				E6EF32712CCCF8C6004D5AFB /* Release */,
			);
			defaultConfigurationIsVisible = 0;
			defaultConfigurationName = Release;
		};
/* End XCConfigurationList section */
	};
	rootObject = E6EF32372CCCF8BD004D5AFB /* Project object */;
}
